
Microsoft Visual Studio Solution File, Format Version 12.00
# Visual Studio 15
VisualStudioVersion = 15.0.28307.421
MinimumVisualStudioVersion = 10.0.40219.1
Project("{FAE04EC0-301F-11D3-BF4B-00C04F79EFBC}") = "GraMonolitycznie", "GraMonolitycznie\GraMonolitycznie.csproj", "{2DC090B8-AA5A-419D-83DB-7C1E43A0F48D}"
EndProject
Project("{FAE04EC0-301F-11D3-BF4B-00C04F79EFBC}") = "GraProceduralnie", "GraProceduralnie\GraProceduralnie.csproj", "{C727A085-8DEB-42EA-93A2-E32995231479}"
EndProject
Project("{FAE04EC0-301F-11D3-BF4B-00C04F79EFBC}") = "ModelGry", "ModelGry\ModelGry.csproj", "{F6FA1FE2-079E-41AF-BE1A-999380F735DA}"
EndProject
Project("{FAE04EC0-301F-11D3-BF4B-00C04F79EFBC}") = "UnitTestProject1ModelGry", "UnitTestProject1ModelGry\UnitTestProject1ModelGry.csproj", "{8F4ADD6F-53B9-4457-95EA-F01581EB9567}"
EndProject
Global
	GlobalSection(SolutionConfigurationPlatforms) = preSolution
		Debug|Any CPU = Debug|Any CPU
		Release|Any CPU = Release|Any CPU
	EndGlobalSection
	GlobalSection(ProjectConfigurationPlatforms) = postSolution
		{2DC090B8-AA5A-419D-83DB-7C1E43A0F48D}.Debug|Any CPU.ActiveCfg = Debug|Any CPU
		{2DC090B8-AA5A-419D-83DB-7C1E43A0F48D}.Debug|Any CPU.Build.0 = Debug|Any CPU
		{2DC090B8-AA5A-419D-83DB-7C1E43A0F48D}.Release|Any CPU.ActiveCfg = Release|Any CPU
		{2DC090B8-AA5A-419D-83DB-7C1E43A0F48D}.Release|Any CPU.Build.0 = Release|Any CPU
		{C727A085-8DEB-42EA-93A2-E32995231479}.Debug|Any CPU.ActiveCfg = Debug|Any CPU
		{C727A085-8DEB-42EA-93A2-E32995231479}.Debug|Any CPU.Build.0 = Debug|Any CPU
		{C727A085-8DEB-42EA-93A2-E32995231479}.Release|Any CPU.ActiveCfg = Release|Any CPU
		{C727A085-8DEB-42EA-93A2-E32995231479}.Release|Any CPU.Build.0 = Release|Any CPU
		{F6FA1FE2-079E-41AF-BE1A-999380F735DA}.Debug|Any CPU.ActiveCfg = Debug|Any CPU
		{F6FA1FE2-079E-41AF-BE1A-999380F735DA}.Debug|Any CPU.Build.0 = Debug|Any CPU
		{F6FA1FE2-079E-41AF-BE1A-999380F735DA}.Release|Any CPU.ActiveCfg = Release|Any CPU
		{F6FA1FE2-079E-41AF-BE1A-999380F735DA}.Release|Any CPU.Build.0 = Release|Any CPU
		{8F4ADD6F-53B9-4457-95EA-F01581EB9567}.Debug|Any CPU.ActiveCfg = Debug|Any CPU
		{8F4ADD6F-53B9-4457-95EA-F01581EB9567}.Debug|Any CPU.Build.0 = Debug|Any CPU
		{8F4ADD6F-53B9-4457-95EA-F01581EB9567}.Release|Any CPU.ActiveCfg = Release|Any CPU
		{8F4ADD6F-53B9-4457-95EA-F01581EB9567}.Release|Any CPU.Build.0 = Release|Any CPU
	EndGlobalSection
	GlobalSection(SolutionProperties) = preSolution
		HideSolutionNode = FALSE
	EndGlobalSection
	GlobalSection(ExtensibilityGlobals) = postSolution
		SolutionGuid = {886CF01A-3C10-4DD3-9051-FF6557BB8E8C}
	EndGlobalSection
EndGlobal
